github.com/brianvoe/gofakeit/v5 v5.9.0 h1:Rc3iSyuXc8eab8dNjxNXuHhanGMwiWTPXy9uJhxH3aU=
github.com/brianvoe/gofakeit/v5 v5.9.0/go.mod h1:/ZENnKqX+XrN8SORLe/fu5lZDIo1tuPncWuRD+eyhSI=
github.com/fatih/color v1.10.0/go.mod h1:ELkj/draVOlAH/xkhN6mQ50Qd0MPOk5AAr3maGEBuJM=
github.com/mattn/go-colorable v0.1.8/go.mod h1:u6P/XSegPjTcexA+o6vUJrdnUu04hMope9wVRipJSqc=
github.com/mattn/go-isatty v0.0.12/go.mod h1:cbi8OIDigv2wuxKPP5vlRcQ1OAZbq2CE4Kysco4FUpU=
github.com/pkg/errors v0.9.1/go.mod h1:bwawxfHBFNV+L2hUp1rHADufV3IMtnDRdf1r5NINEl0=
github.com/xshrim/gol v1.0.0 h1:Wn/DS63nSNKHdT/lqN7M4rHzepRXSw4vhiLkDnmm6w0=
github.com/xshrim/gol v1.0.0/go.mod h1:uy/qxLbCnB2s9KOMxN2MxHnMBRma/P4uPoa5DABGzh0=
golang.org/x/sys v0.0.0-20200116001909-b77594299b42/go.mod h1:h1NjWce9XRLGQEsW7wpKNCjG9DtNlClVuFLEZdDNbEs=
golang.org/x/sys v0.0.0-20200223170610-d5e6a3e2c0ae/go.mod h1:h1NjWce9XRLGQEsW7wpKNCjG9DtNlClVuFLEZdDNbEs=
