dependencies:
- name: loki
  repository: file://../loki
  version: 0.31.0
- name: promtail
  repository: file://../promtail
  version: 0.24.0
- name: fluent-bit
  repository: file://../fluent-bit
  version: 0.3.0
- name: grafana
  repository: https://kubernetes-charts.storage.googleapis.com/
  version: 3.8.19
- name: prometheus
  repository: https://kubernetes-charts.storage.googleapis.com/
  version: 9.3.3
- name: filebeat
  repository: https://helm.elastic.co
  version: 7.8.1
- name: logstash
  repository: https://kubernetes-charts.storage.googleapis.com/
  version: 2.4.1
digest: sha256:3c1fc5179f18c695b17229295d0c572103ac7140a55d1db0d85ccbb1368862c5
generated: 2020-09-09T20:22:59.998314652Z
